{
  "name": "parttoterrainplugin",
  "version": "1.0.1",
  "lockfileVersion": 3,
  "requires": true,
  "packages": {
    "": {
      "name": "parttoterrainplugin",
      "version": "1.0.1",
      "license": "ISC",
      "dependencies": {
        "@quenty/baseobject": "^10.7.1",
        "@quenty/basicpane": "^13.15.0",
        "@quenty/boundingboxutils": "^4.3.0",
        "@quenty/draw": "^7.7.1",
        "@quenty/inputobjectutils": "^4.16.0",
        "@quenty/loader": "^10.7.1",
        "@quenty/maid": "^3.4.0",
        "@quenty/raycaster": "^3.4.0",
        "@quenty/remoting": "^12.16.0",
        "@quenty/servicebag": "^11.10.0",
        "@quenty/signal": "^7.9.0",
        "@quenty/templateprovider": "^11.16.1",
        "@quenty/valueobject": "^13.15.0"
      }
    },
    "node_modules/@quenty/baseobject": {
      "version": "10.7.1",
      "resolved": "https://registry.npmjs.org/@quenty/baseobject/-/baseobject-10.7.1.tgz",
      "integrity": "sha512-xt7VSVoqKq1K4DkNiCjEoxzd6Lx9aPPD95/19f7ShDPWiT2f/KRzacSKzMHQSC22hk2XzGxfRFK+TKHV+oqv2g==",
      "license": "MIT",
      "dependencies": {
        "@quenty/loader": "^10.7.1",
        "@quenty/maid": "^3.4.0"
      },
      "funding": {
        "type": "patreon",
        "url": "https://www.patreon.com/quenty"
      }
    },
    "node_modules/@quenty/basicpane": {
      "version": "13.15.0",
      "resolved": "https://registry.npmjs.org/@quenty/basicpane/-/basicpane-13.15.0.tgz",
      "integrity": "sha512-yEYYaYjmCboqz/sNIFN8JA0f5850irPg00vM/J+Xk9+1cYx/+hSRTye0PiGG450RvXAk3cj19X0NJtKhylTbLg==",
      "license": "MIT",
      "dependencies": {
        "@quenty/brio": "^14.15.0",
        "@quenty/ducktype": "^5.7.1",
        "@quenty/loader": "^10.7.1",
        "@quenty/maid": "^3.4.0",
        "@quenty/rx": "^13.15.0",
        "@quenty/signal": "^7.9.0",
        "@quenty/valueobject": "^13.15.0"
      },
      "funding": {
        "type": "patreon",
        "url": "https://www.patreon.com/quenty"
      }
    },
    "node_modules/@quenty/boundingboxutils": {
      "version": "4.3.0",
      "resolved": "https://registry.npmjs.org/@quenty/boundingboxutils/-/boundingboxutils-4.3.0.tgz",
      "integrity": "sha512-nL59ZtfWWgaA10N4+pJ8EAwmwimz5F2BJzTSeI3u59MG83BuBfJdjNALzK0tHWdXM10j9Op4/qn9xROUQqpFAQ==",
      "license": "MIT",
      "funding": {
        "type": "patreon",
        "url": "https://www.patreon.com/quenty"
      }
    },
    "node_modules/@quenty/brio": {
      "version": "14.15.0",
      "resolved": "https://registry.npmjs.org/@quenty/brio/-/brio-14.15.0.tgz",
      "integrity": "sha512-cHL7paXMdqzrmu095nB7lGIjNc8Z6/3mtS7yEo0ObKFvSj42+PduF9yGEzAIjE71Ia2g5J1IoSanq90ObQa0OQ==",
      "license": "MIT",
      "dependencies": {
        "@quenty/loader": "^10.7.1",
        "@quenty/maid": "^3.4.0",
        "@quenty/rx": "^13.15.0",
        "@quenty/signal": "^7.9.0",
        "@quenty/steputils": "^3.5.2"
      },
      "funding": {
        "type": "patreon",
        "url": "https://www.patreon.com/quenty"
      }
    },
    "node_modules/@quenty/cancellabledelay": {
      "version": "3.5.0",
      "resolved": "https://registry.npmjs.org/@quenty/cancellabledelay/-/cancellabledelay-3.5.0.tgz",
      "integrity": "sha512-26PI4w2sAv2kBkMQOBbWvoBdkuDRnZjV39tVm6RD53zzhEdK08WMYwv5VIpBqdAH/Mv8pLkmDusueu+LM7MqLA==",
      "license": "MIT",
      "funding": {
        "type": "patreon",
        "url": "https://www.patreon.com/quenty"
      }
    },
    "node_modules/@quenty/canceltoken": {
      "version": "11.10.0",
      "resolved": "https://registry.npmjs.org/@quenty/canceltoken/-/canceltoken-11.10.0.tgz",
      "integrity": "sha512-LhcKt/xZCZ90pwLhEqAlLWkFD97PRZw+Z9EJJM9sc93QLDTZUa2UGo2Y+1nv3CNk9VR+3+DqWKLbmJVIQ077dw==",
      "license": "MIT",
      "dependencies": {
        "@quenty/ducktype": "^5.7.1",
        "@quenty/loader": "^10.7.1",
        "@quenty/maid": "^3.4.0",
        "@quenty/promise": "^10.9.0",
        "@quenty/signal": "^7.9.0"
      },
      "funding": {
        "type": "patreon",
        "url": "https://www.patreon.com/quenty"
      }
    },
    "node_modules/@quenty/collectionserviceutils": {
      "version": "8.15.0",
      "resolved": "https://registry.npmjs.org/@quenty/collectionserviceutils/-/collectionserviceutils-8.15.0.tgz",
      "integrity": "sha512-USEv9tr1KLeUJUg/aF1MCSfP9E2CW4KqQ9lPnk9nMoD9m2QyjwhAvsbQ110efMu+n6lo/bs0sNjonvK8xTDyxg==",
      "license": "MIT",
      "dependencies": {
        "@quenty/brio": "^14.15.0",
        "@quenty/loader": "^10.7.1",
        "@quenty/maid": "^3.4.0",
        "@quenty/rx": "^13.15.0"
      },
      "funding": {
        "type": "patreon",
        "url": "https://www.patreon.com/quenty"
      }
    },
    "node_modules/@quenty/deferred": {
      "version": "2.2.0",
      "resolved": "https://registry.npmjs.org/@quenty/deferred/-/deferred-2.2.0.tgz",
      "integrity": "sha512-obZgxC0o+cuMGPj19UUjcKnrll+XYffpPPe5LwHGjsYos1LVD0WD1+NXmc2qh5/VDAZ3GZBH8ghBpdPcsz58uA==",
      "license": "MIT",
      "funding": {
        "type": "patreon",
        "url": "https://www.patreon.com/quenty"
      }
    },
    "node_modules/@quenty/draw": {
      "version": "7.7.1",
      "resolved": "https://registry.npmjs.org/@quenty/draw/-/draw-7.7.1.tgz",
      "integrity": "sha512-MijcKgR56OpItFHz8lbyvDEreVLJVpzJ8/ooXDi274CmFGDIey2DX+pNR32pFgfIEproh7C3jrmeUL9ep++EWw==",
      "license": "MIT",
      "dependencies": {
        "@quenty/loader": "^10.7.1",
        "@quenty/maid": "^3.4.0"
      },
      "funding": {
        "type": "patreon",
        "url": "https://www.patreon.com/quenty"
      }
    },
    "node_modules/@quenty/ducktype": {
      "version": "5.7.1",
      "resolved": "https://registry.npmjs.org/@quenty/ducktype/-/ducktype-5.7.1.tgz",
      "integrity": "sha512-8R8w+B3PN7P2i4WkoKLpv7F7N0hZAwuGFXoK6raILnopy2rmeQXN6mf3N0X+1CugLye7LGxXaYUGJ0F/saGdXA==",
      "license": "MIT",
      "dependencies": {
        "@quenty/loader": "^10.7.1"
      },
      "funding": {
        "type": "patreon",
        "url": "https://www.patreon.com/quenty"
      }
    },
    "node_modules/@quenty/inputobjectutils": {
      "version": "4.16.0",
      "resolved": "https://registry.npmjs.org/@quenty/inputobjectutils/-/inputobjectutils-4.16.0.tgz",
      "integrity": "sha512-UdxMb7u1HcSuhezO8+SEO3hG+Pod2X4aavUPWlZhWpu7gMGCj0L5/xfokykCSt7PNMfdXFn2Qqn/ePZNoxvJsg==",
      "license": "MIT",
      "dependencies": {
        "@quenty/baseobject": "^10.7.1",
        "@quenty/loader": "^10.7.1",
        "@quenty/maid": "^3.4.0",
        "@quenty/rx": "^13.15.0",
        "@quenty/rxsignal": "^7.15.0"
      },
      "funding": {
        "type": "patreon",
        "url": "https://www.patreon.com/quenty"
      }
    },
    "node_modules/@quenty/insertserviceutils": {
      "version": "10.9.0",
      "resolved": "https://registry.npmjs.org/@quenty/insertserviceutils/-/insertserviceutils-10.9.0.tgz",
      "integrity": "sha512-CM8At9Vyx6JEaCx4uNP1AvO2e/8BTr2FOl3HwLVnzBO4O3CYpsZEtm118A7m2VZs0AyXKBPbCzoSv9aV4lZIdQ==",
      "license": "MIT",
      "dependencies": {
        "@quenty/loader": "^10.7.1",
        "@quenty/promise": "^10.9.0"
      },
      "funding": {
        "type": "patreon",
        "url": "https://www.patreon.com/quenty"
      }
    },
    "node_modules/@quenty/instanceutils": {
      "version": "13.15.0",
      "resolved": "https://registry.npmjs.org/@quenty/instanceutils/-/instanceutils-13.15.0.tgz",
      "integrity": "sha512-sbPYPjEh9y01K/Mz8LHDLIUy79XZP7GvlUdvZnzA0EqSO4RQiylDx4R9n3kwEsgx5ylW/VKcZJC7rvR/b5Pw0g==",
      "license": "MIT",
      "dependencies": {
        "@quenty/brio": "^14.15.0",
        "@quenty/loader": "^10.7.1",
        "@quenty/maid": "^3.4.0",
        "@quenty/rx": "^13.15.0",
        "@quenty/symbol": "^3.4.0"
      },
      "funding": {
        "type": "patreon",
        "url": "https://www.patreon.com/quenty"
      }
    },
    "node_modules/@quenty/loader": {
      "version": "10.7.1",
      "resolved": "https://registry.npmjs.org/@quenty/loader/-/loader-10.7.1.tgz",
      "integrity": "sha512-vRynFLPhu1EDIjdnNXIal8p8wccxpm8BITaoDLH0ebApgQjhnzhuNTxVE6ANa5Jckmi/RKlIMb7m9e/eSkZnYA==",
      "license": "MIT",
      "funding": {
        "type": "patreon",
        "url": "https://www.patreon.com/quenty"
      }
    },
    "node_modules/@quenty/maid": {
      "version": "3.4.0",
      "resolved": "https://registry.npmjs.org/@quenty/maid/-/maid-3.4.0.tgz",
      "integrity": "sha512-iieWFpdakt0HG/mdcpbXu5rgbejPWkEgxFnW+XUKobv5Rhb6oApLYIMhyuU2fUL5I5zGseKVRE2CBTabcXRkXg==",
      "license": "MIT",
      "funding": {
        "type": "patreon",
        "url": "https://www.patreon.com/quenty"
      }
    },
    "node_modules/@quenty/math": {
      "version": "2.7.0",
      "resolved": "https://registry.npmjs.org/@quenty/math/-/math-2.7.0.tgz",
      "integrity": "sha512-Iaq3wdrnvwbFyJp7cQ51NoOAoNEJyFmZgEiSgEg/CO1B/6eVi4js8wP6rXWzNsu1hYEPFH8W6wLJ/98WtJiA8g==",
      "license": "MIT",
      "funding": {
        "type": "patreon",
        "url": "https://www.patreon.com/quenty"
      }
    },
    "node_modules/@quenty/observablecollection": {
      "version": "12.18.1",
      "resolved": "https://registry.npmjs.org/@quenty/observablecollection/-/observablecollection-12.18.1.tgz",
      "integrity": "sha512-ONARgQ9hr8IN5tPNg9vMlYrBdUgyS31EVmxiTb6nzaQZEI7EDseQgw542ER8OkWM6MGDL09TNtrsg7TiRAvfnw==",
      "license": "MIT",
      "dependencies": {
        "@quenty/baseobject": "^10.7.1",
        "@quenty/brio": "^14.15.0",
        "@quenty/ducktype": "^5.7.1",
        "@quenty/loader": "^10.7.1",
        "@quenty/maid": "^3.4.0",
        "@quenty/promise": "^10.9.0",
        "@quenty/rx": "^13.15.0",
        "@quenty/signal": "^7.9.0",
        "@quenty/steputils": "^3.5.2",
        "@quenty/symbol": "^3.4.0",
        "@quenty/table": "^3.7.0",
        "@quenty/valueobject": "^13.15.0"
      },
      "funding": {
        "type": "patreon",
        "url": "https://www.patreon.com/quenty"
      }
    },
    "node_modules/@quenty/promise": {
      "version": "10.9.0",
      "resolved": "https://registry.npmjs.org/@quenty/promise/-/promise-10.9.0.tgz",
      "integrity": "sha512-Aypw4rPl1SYsw5OZs8OrC3Pu/mOgTWjvq5gEMg9oo5sDJcEtPMJW3O2cQ2PdUcJTvtHbtdyFEkFcnzhkTwP20g==",
      "license": "MIT",
      "dependencies": {
        "@quenty/deferred": "^2.2.0",
        "@quenty/loader": "^10.7.1",
        "@quenty/maid": "^3.4.0",
        "@quenty/math": "^2.7.0"
      },
      "funding": {
        "type": "patreon",
        "url": "https://www.patreon.com/quenty"
      }
    },
    "node_modules/@quenty/promisemaid": {
      "version": "5.9.0",
      "resolved": "https://registry.npmjs.org/@quenty/promisemaid/-/promisemaid-5.9.0.tgz",
      "integrity": "sha512-JTMEHYSiy7vfq+3FBompX6GrcP9Xid9QAJZU8+djI5n3Cs4lFdQMsydQMYDhlwXq4hoH5WQmc0hnNb/ZKvYFhg==",
      "license": "MIT",
      "dependencies": {
        "@quenty/loader": "^10.7.1",
        "@quenty/maid": "^3.4.0",
        "@quenty/promise": "^10.9.0"
      },
      "funding": {
        "type": "patreon",
        "url": "https://www.patreon.com/quenty"
      }
    },
    "node_modules/@quenty/raycaster": {
      "version": "3.4.0",
      "resolved": "https://registry.npmjs.org/@quenty/raycaster/-/raycaster-3.4.0.tgz",
      "integrity": "sha512-gEv1rxfe3x4cOoElNx63BuF/CS6kH9zgv8JsyOjyieViIe3CedpssMHfpn3bUPpzAwuCqnkPt8V7CWiZQBM88g==",
      "license": "MIT",
      "funding": {
        "type": "patreon",
        "url": "https://www.patreon.com/quenty"
      }
    },
    "node_modules/@quenty/remotefunctionutils": {
      "version": "10.9.0",
      "resolved": "https://registry.npmjs.org/@quenty/remotefunctionutils/-/remotefunctionutils-10.9.0.tgz",
      "integrity": "sha512-6mvP1gx8BCRuhtupuPvUzWgCKDYrqd1aAkG5mfJoXBG0b+H1jWIYpH9Fs1vldfFacs4SJWvBoCa7HBwui+XjNQ==",
      "license": "MIT",
      "dependencies": {
        "@quenty/loader": "^10.7.1",
        "@quenty/promise": "^10.9.0"
      },
      "funding": {
        "type": "patreon",
        "url": "https://www.patreon.com/quenty"
      }
    },
    "node_modules/@quenty/remoting": {
      "version": "12.16.0",
      "resolved": "https://registry.npmjs.org/@quenty/remoting/-/remoting-12.16.0.tgz",
      "integrity": "sha512-ZggkxG851m9A4xF17gCj6jdU6MCr87RIQSR4a8ZOm7MarTb/Pq3MqepO+FIcz/Pa16H9BYAkKPrTriYKY5ogvA==",
      "license": "MIT",
      "dependencies": {
        "@quenty/brio": "^14.15.0",
        "@quenty/instanceutils": "^13.15.0",
        "@quenty/loader": "^10.7.1",
        "@quenty/maid": "^3.4.0",
        "@quenty/promise": "^10.9.0",
        "@quenty/promisemaid": "^5.9.0",
        "@quenty/remotefunctionutils": "^10.9.0",
        "@quenty/rx": "^13.15.0",
        "@quenty/table": "^3.7.0"
      },
      "funding": {
        "type": "patreon",
        "url": "https://www.patreon.com/quenty"
      }
    },
    "node_modules/@quenty/rx": {
      "version": "13.15.0",
      "resolved": "https://registry.npmjs.org/@quenty/rx/-/rx-13.15.0.tgz",
      "integrity": "sha512-6rrG2Lgb8Lt6JW162GuuKAiSgxupgeaMePt7Wgfiwc3KZQBnhcu4D9Rx5+t0+VL2BlgliISMWworKwYdzd/Pmg==",
      "license": "MIT",
      "dependencies": {
        "@quenty/cancellabledelay": "^3.5.0",
        "@quenty/canceltoken": "^11.10.0",
        "@quenty/ducktype": "^5.7.1",
        "@quenty/loader": "^10.7.1",
        "@quenty/maid": "^3.4.0",
        "@quenty/promise": "^10.9.0",
        "@quenty/signal": "^7.9.0",
        "@quenty/symbol": "^3.4.0",
        "@quenty/table": "^3.7.0",
        "@quenty/throttle": "^10.8.1"
      },
      "funding": {
        "type": "patreon",
        "url": "https://www.patreon.com/quenty"
      }
    },
    "node_modules/@quenty/rxsignal": {
      "version": "7.15.0",
      "resolved": "https://registry.npmjs.org/@quenty/rxsignal/-/rxsignal-7.15.0.tgz",
      "integrity": "sha512-Zotv2ofoC/laZdNUbAoV4MiS8WUKTfyuLl/mlQRqEMckEk+rj716Q7UwklLfYhztNCptNHS8hm0ViK3Mkx/3eQ==",
      "license": "MIT",
      "dependencies": {
        "@quenty/loader": "^10.7.1",
        "@quenty/rx": "^13.15.0"
      },
      "funding": {
        "type": "patreon",
        "url": "https://www.patreon.com/quenty"
      }
    },
    "node_modules/@quenty/servicebag": {
      "version": "11.10.0",
      "resolved": "https://registry.npmjs.org/@quenty/servicebag/-/servicebag-11.10.0.tgz",
      "integrity": "sha512-gzXpRQPTDxXRIh/Dm6a05UEguZCyGEphTlEjFpum906Xm+cxFwYAECHtmtNohDKMRUuoG0nRCn4OHS5MhSu5Rw==",
      "license": "MIT",
      "dependencies": {
        "@quenty/baseobject": "^10.7.1",
        "@quenty/loader": "^10.7.1",
        "@quenty/signal": "^7.9.0"
      },
      "funding": {
        "type": "patreon",
        "url": "https://www.patreon.com/quenty"
      }
    },
    "node_modules/@quenty/signal": {
      "version": "7.9.0",
      "resolved": "https://registry.npmjs.org/@quenty/signal/-/signal-7.9.0.tgz",
      "integrity": "sha512-ZzosH9aNQ2M9wbMP3iB70VsyCWu5FCRU5xmeJcRhB+vvAITSCnSzh5vzKqamWm0UBkiQxf6X9XKcSLIGthHLpQ==",
      "license": "MIT",
      "dependencies": {
        "@quenty/loader": "^10.7.1"
      },
      "funding": {
        "type": "patreon",
        "url": "https://www.patreon.com/quenty"
      }
    },
    "node_modules/@quenty/steputils": {
      "version": "3.5.2",
      "resolved": "https://registry.npmjs.org/@quenty/steputils/-/steputils-3.5.2.tgz",
      "integrity": "sha512-HGo329ig8OYd/v8dsEx77r9pgajjXCDeSvy+Q0WpDcmpo5sJ8Ou4X+BrCF5vAGpUF/YwSyXNMykamZ7VEhuk0g==",
      "license": "MIT",
      "funding": {
        "type": "patreon",
        "url": "https://www.patreon.com/quenty"
      }
    },
    "node_modules/@quenty/string": {
      "version": "3.3.0",
      "resolved": "https://registry.npmjs.org/@quenty/string/-/string-3.3.0.tgz",
      "integrity": "sha512-XqNndgeIPhZu17ERwuBZlAvERNoZfDRU0mPov4YcZ92ZX3Qwytr2Y/RQX3OzY+Pc56rU8CzIwfzcRnJt8AK5CQ==",
      "license": "MIT",
      "funding": {
        "type": "patreon",
        "url": "https://www.patreon.com/quenty"
      }
    },
    "node_modules/@quenty/symbol": {
      "version": "3.4.0",
      "resolved": "https://registry.npmjs.org/@quenty/symbol/-/symbol-3.4.0.tgz",
      "integrity": "sha512-uNen1ZKHjVCTSFOeaQ/ABdJElEiOs/cvMtr3bzPmEM2yoTwN1UQUNFOLkCCCT1uitA7KVCnXNOiX6LwyshCcEw==",
      "license": "MIT",
      "funding": {
        "type": "patreon",
        "url": "https://www.patreon.com/quenty"
      }
    },
    "node_modules/@quenty/table": {
      "version": "3.7.0",
      "resolved": "https://registry.npmjs.org/@quenty/table/-/table-3.7.0.tgz",
      "integrity": "sha512-lRoiTkWfEwqJRYlFppXVHDbx1V+U5k6bqTEj4r/3rp/F3OLW46fQnYdQbSOYjeqQefxI3LdtmVnJB8WAp4gjVQ==",
      "license": "MIT",
      "funding": {
        "type": "patreon",
        "url": "https://www.patreon.com/quenty"
      }
    },
    "node_modules/@quenty/templateprovider": {
      "version": "11.16.1",
      "resolved": "https://registry.npmjs.org/@quenty/templateprovider/-/templateprovider-11.16.1.tgz",
      "integrity": "sha512-dzt9o9swkuzg1qLFJnibX7GajeFb7G1LuNxZ8xFlVdMJ9v9IdJ0NT88cBkVHVwcxB2CtecTvFPVnx8W1d94eRg==",
      "license": "MIT",
      "dependencies": {
        "@quenty/baseobject": "^10.7.1",
        "@quenty/brio": "^14.15.0",
        "@quenty/collectionserviceutils": "^8.15.0",
        "@quenty/ducktype": "^5.7.1",
        "@quenty/insertserviceutils": "^10.9.0",
        "@quenty/instanceutils": "^13.15.0",
        "@quenty/loader": "^10.7.1",
        "@quenty/maid": "^3.4.0",
        "@quenty/observablecollection": "^12.18.1",
        "@quenty/promise": "^10.9.0",
        "@quenty/promisemaid": "^5.9.0",
        "@quenty/rx": "^13.15.0",
        "@quenty/string": "^3.3.0",
        "@quenty/table": "^3.7.0"
      },
      "funding": {
        "type": "patreon",
        "url": "https://www.patreon.com/quenty"
      }
    },
    "node_modules/@quenty/throttle": {
      "version": "10.8.1",
      "resolved": "https://registry.npmjs.org/@quenty/throttle/-/throttle-10.8.1.tgz",
      "integrity": "sha512-qvfKTYnJelZMqY97n6x2GVqd9Nc8Cvr13zdTW6YInXszEr+v9BEbe30DB3wKxAAUgbM+LmoR+MXk6SMDR/20Zw==",
      "license": "MIT",
      "dependencies": {
        "@quenty/loader": "^10.7.1"
      },
      "funding": {
        "type": "patreon",
        "url": "https://www.patreon.com/quenty"
      }
    },
    "node_modules/@quenty/valuebaseutils": {
      "version": "13.15.0",
      "resolved": "https://registry.npmjs.org/@quenty/valuebaseutils/-/valuebaseutils-13.15.0.tgz",
      "integrity": "sha512-ax9Py3/x0aGJWQUIWuBWUe0Z/XcRfjErYwxMxaVS5G2zEL2I1mnjy4KuLr+ZUrJemr6PKyRUiP6zqcP3i46VgQ==",
      "license": "MIT",
      "dependencies": {
        "@quenty/brio": "^14.15.0",
        "@quenty/instanceutils": "^13.15.0",
        "@quenty/loader": "^10.7.1",
        "@quenty/promise": "^10.9.0",
        "@quenty/rx": "^13.15.0",
        "@quenty/rxsignal": "^7.15.0"
      },
      "funding": {
        "type": "patreon",
        "url": "https://www.patreon.com/quenty"
      }
    },
    "node_modules/@quenty/valueobject": {
      "version": "13.15.0",
      "resolved": "https://registry.npmjs.org/@quenty/valueobject/-/valueobject-13.15.0.tgz",
      "integrity": "sha512-YcEnTSw/tcHroCdx42qDyiVoE7O3cao63yCu9sY2J2yiFqWWParduaJiiRz6NkAIGR871SaE7m85hUB28Xktxg==",
      "license": "MIT",
      "dependencies": {
        "@quenty/brio": "^14.15.0",
        "@quenty/ducktype": "^5.7.1",
        "@quenty/loader": "^10.7.1",
        "@quenty/maid": "^3.4.0",
        "@quenty/rx": "^13.15.0",
        "@quenty/signal": "^7.9.0",
        "@quenty/valuebaseutils": "^13.15.0"
      },
      "funding": {
        "type": "patreon",
        "url": "https://www.patreon.com/quenty"
      }
    }
  }
}
